{
  "pins" : [
    {
      "identity" : "observationbp",
      "kind" : "remoteSourceControl",
      "location" : "git@github.com:winddpan/ObservationBP.git",
      "state" : {
        "branch" : "master",
        "revision" : "61031b9227223dc9e322bbb8f9cb6dfd97eadb78"
      }
    },
    {
      "identity" : "swift-syntax",
      "kind" : "remoteSourceControl",
      "location" : "https://github.com/apple/swift-syntax.git",
      "state" : {
        "revision" : "6ad4ea24b01559dde0773e3d091f1b9e36175036",
        "version" : "509.0.2"
      }
    }
  ],
  "version" : 2
}
